github.com/aws/aws-sdk-go-v2 v1.45.1 h1:iIoG3NaLhV6UZpPXyPXlDj2I9oS8tV/nMcMnITCC6Ks=
github.com/aws/aws-sdk-go-v2 v1.45.1/go.mod h1:bttEH6JqnUL8LepvDVfdrds/fZ5bCIxzpe3abyUrhDU=
github.com/aws/smithy-go v1.28.1 h1:R/nXH00c8qcfCzQVELtRw+eLQWtzv+VAIEFJ1/xxXlQ=
github.com/aws/smithy-go v1.28.1/go.mod h1:YE2RhdIuDbA5E5bTdciG9KrW3+TiEONeUWCqxX9i1Fc=
github.com/aws/smithy-go/aws-http-auth v1.2.1 h1:uRP2q0BGnhpE1/8iriH3yHVMCg6nhFNaVCDvKYPQVmQ=
github.com/aws/smithy-go/aws-http-auth v1.2.1/go.mod h1:KL46VTjVK9De3jurMqDLBkXCP9vrAvD03zQrmyzyrQ0=
